Microsoft Visual Studio Solution File, Format Version 12.00
# Visual Studio Version 17
VisualStudioVersion = 17.5.2.0
MinimumVisualStudioVersion = 10.0.40219.1
Project("{FAE04EC0-301F-11D3-BF4B-00C04F79EFBC}") = "ApiAggregation", "ApiAggregation\ApiAggregation.csproj", "{50F1D596-305A-CCDE-6D66-D786DBD92828}"
EndProject
Global
	GlobalSection(SolutionConfigurationPlatforms) = preSolution
		Debug|Any CPU = Debug|Any CPU
		Release|Any CPU = Release|Any CPU
	EndGlobalSection
	GlobalSection(ProjectConfigurationPlatforms) = postSolution
		{50F1D596-305A-CCDE-6D66-D786DBD92828}.Debug|Any CPU.ActiveCfg = Debug|Any CPU
		{50F1D596-305A-CCDE-6D66-D786DBD92828}.Debug|Any CPU.Build.0 = Debug|Any CPU
		{50F1D596-305A-CCDE-6D66-D786DBD92828}.Release|Any CPU.ActiveCfg = Release|Any CPU
		{50F1D596-305A-CCDE-6D66-D786DBD92828}.Release|Any CPU.Build.0 = Release|Any CPU
	EndGlobalSection
	GlobalSection(SolutionProperties) = preSolution
		HideSolutionNode = FALSE
	EndGlobalSection
	GlobalSection(ExtensibilityGlobals) = postSolution
		SolutionGuid = {5A804801-650A-42FF-80CE-E3C54C95DA8F}
	EndGlobalSection
EndGlobal
